
Microsoft Visual Studio Solution File, Format Version 12.00
# Visual Studio Version 16
VisualStudioVersion = 16.0.30011.22
MinimumVisualStudioVersion = 10.0.40219.1
Project("{9A19103F-16F7-4668-BE54-9A1E7A4F7556}") = "ChromelyApp", "ChromelyReact\ChromelyApp.csproj", "{470F77AD-5CF7-4055-A86C-6200D0D6A2D9}"
EndProject
Project("{9A19103F-16F7-4668-BE54-9A1E7A4F7556}") = "TrakDiscovery.Services", "TrakDiscovery.Services\TrakDiscovery.Services.csproj", "{52792A1B-8ADD-450F-8EB2-C99269A77802}"
EndProject
Project("{9A19103F-16F7-4668-BE54-9A1E7A4F7556}") = "TrakDiscovery.Services.Test", "TrakDiscovery.Services.Test\TrakDiscovery.Services.Test.csproj", "{43C23506-D75C-42EF-98AD-B7FDA64F9713}"
EndProject
Project("{9A19103F-16F7-4668-BE54-9A1E7A4F7556}") = "Controllers.Interfaces", "ChromelyControllers\Controllers.Interfaces.csproj", "{72936E06-273D-4F86-BF8C-9C7A7F5AD99E}"
EndProject
Project("{9A19103F-16F7-4668-BE54-9A1E7A4F7556}") = "TrakDiscovery.Dev", "TrakDiscovery.Dev\TrakDiscovery.Dev.csproj", "{345C06FE-12A3-46DE-8510-8D3D4886B1F1}"
EndProject
Global
	GlobalSection(SolutionConfigurationPlatforms) = preSolution
		Debug|Any CPU = Debug|Any CPU
		Debug|x64 = Debug|x64
		Release|Any CPU = Release|Any CPU
		Release|x64 = Release|x64
	EndGlobalSection
	GlobalSection(ProjectConfigurationPlatforms) = postSolution
		{470F77AD-5CF7-4055-A86C-6200D0D6A2D9}.Debug|Any CPU.ActiveCfg = Debug|x64
		{470F77AD-5CF7-4055-A86C-6200D0D6A2D9}.Debug|x64.ActiveCfg = Debug|x64
		{470F77AD-5CF7-4055-A86C-6200D0D6A2D9}.Debug|x64.Build.0 = Debug|x64
		{470F77AD-5CF7-4055-A86C-6200D0D6A2D9}.Release|Any CPU.ActiveCfg = Release|x64
		{470F77AD-5CF7-4055-A86C-6200D0D6A2D9}.Release|x64.ActiveCfg = Release|x64
		{470F77AD-5CF7-4055-A86C-6200D0D6A2D9}.Release|x64.Build.0 = Release|x64
		{52792A1B-8ADD-450F-8EB2-C99269A77802}.Debug|Any CPU.ActiveCfg = Debug|Any CPU
		{52792A1B-8ADD-450F-8EB2-C99269A77802}.Debug|Any CPU.Build.0 = Debug|Any CPU
		{52792A1B-8ADD-450F-8EB2-C99269A77802}.Debug|x64.ActiveCfg = Debug|Any CPU
		{52792A1B-8ADD-450F-8EB2-C99269A77802}.Debug|x64.Build.0 = Debug|Any CPU
		{52792A1B-8ADD-450F-8EB2-C99269A77802}.Release|Any CPU.ActiveCfg = Release|Any CPU
		{52792A1B-8ADD-450F-8EB2-C99269A77802}.Release|Any CPU.Build.0 = Release|Any CPU
		{52792A1B-8ADD-450F-8EB2-C99269A77802}.Release|x64.ActiveCfg = Release|Any CPU
		{52792A1B-8ADD-450F-8EB2-C99269A77802}.Release|x64.Build.0 = Release|Any CPU
		{43C23506-D75C-42EF-98AD-B7FDA64F9713}.Debug|Any CPU.ActiveCfg = Debug|Any CPU
		{43C23506-D75C-42EF-98AD-B7FDA64F9713}.Debug|Any CPU.Build.0 = Debug|Any CPU
		{43C23506-D75C-42EF-98AD-B7FDA64F9713}.Debug|x64.ActiveCfg = Debug|Any CPU
		{43C23506-D75C-42EF-98AD-B7FDA64F9713}.Debug|x64.Build.0 = Debug|Any CPU
		{43C23506-D75C-42EF-98AD-B7FDA64F9713}.Release|Any CPU.ActiveCfg = Release|Any CPU
		{43C23506-D75C-42EF-98AD-B7FDA64F9713}.Release|Any CPU.Build.0 = Release|Any CPU
		{43C23506-D75C-42EF-98AD-B7FDA64F9713}.Release|x64.ActiveCfg = Release|Any CPU
		{43C23506-D75C-42EF-98AD-B7FDA64F9713}.Release|x64.Build.0 = Release|Any CPU
		{72936E06-273D-4F86-BF8C-9C7A7F5AD99E}.Debug|Any CPU.ActiveCfg = Debug|Any CPU
		{72936E06-273D-4F86-BF8C-9C7A7F5AD99E}.Debug|Any CPU.Build.0 = Debug|Any CPU
		{72936E06-273D-4F86-BF8C-9C7A7F5AD99E}.Debug|x64.ActiveCfg = Debug|Any CPU
		{72936E06-273D-4F86-BF8C-9C7A7F5AD99E}.Debug|x64.Build.0 = Debug|Any CPU
		{72936E06-273D-4F86-BF8C-9C7A7F5AD99E}.Release|Any CPU.ActiveCfg = Release|Any CPU
		{72936E06-273D-4F86-BF8C-9C7A7F5AD99E}.Release|Any CPU.Build.0 = Release|Any CPU
		{72936E06-273D-4F86-BF8C-9C7A7F5AD99E}.Release|x64.ActiveCfg = Release|Any CPU
		{72936E06-273D-4F86-BF8C-9C7A7F5AD99E}.Release|x64.Build.0 = Release|Any CPU
		{345C06FE-12A3-46DE-8510-8D3D4886B1F1}.Debug|Any CPU.ActiveCfg = Debug|Any CPU
		{345C06FE-12A3-46DE-8510-8D3D4886B1F1}.Debug|Any CPU.Build.0 = Debug|Any CPU
		{345C06FE-12A3-46DE-8510-8D3D4886B1F1}.Debug|x64.ActiveCfg = Debug|Any CPU
		{345C06FE-12A3-46DE-8510-8D3D4886B1F1}.Debug|x64.Build.0 = Debug|Any CPU
		{345C06FE-12A3-46DE-8510-8D3D4886B1F1}.Release|Any CPU.ActiveCfg = Release|Any CPU
		{345C06FE-12A3-46DE-8510-8D3D4886B1F1}.Release|Any CPU.Build.0 = Release|Any CPU
		{345C06FE-12A3-46DE-8510-8D3D4886B1F1}.Release|x64.ActiveCfg = Release|Any CPU
		{345C06FE-12A3-46DE-8510-8D3D4886B1F1}.Release|x64.Build.0 = Release|Any CPU
	EndGlobalSection
	GlobalSection(SolutionProperties) = preSolution
		HideSolutionNode = FALSE
	EndGlobalSection
	GlobalSection(ExtensibilityGlobals) = postSolution
		SolutionGuid = {7226F49C-A753-4904-A92A-1590A2FF7797}
	EndGlobalSection
EndGlobal
